
Microsoft Visual Studio Solution File, Format Version 12.00
# Visual Studio Version 17
VisualStudioVersion = 17.0.31903.59
MinimumVisualStudioVersion = 10.0.40219.1
Project("{FAE04EC0-301F-11D3-BF4B-00C04F79EFBC}") = "InventoryManagementSystem.Web", "InventoryManagementSystem.Web\InventoryManagementSystem.Web.csproj", "{AC9FD1C1-7A8F-406E-9BFE-323C02744B7A}"
EndProject
Project("{FAE04EC0-301F-11D3-BF4B-00C04F79EFBC}") = "InventoryManagementSystem.Core", "InventoryManagementSystem.Core\InventoryManagementSystem.Core.csproj", "{BE894540-FEB1-4DB8-AF28-7A0F339B603F}"
EndProject
Project("{FAE04EC0-301F-11D3-BF4B-00C04F79EFBC}") = "InventoryManagementSystem.Infrastructure", "InventoryManagementSystem.Infrastructure\InventoryManagementSystem.Infrastructure.csproj", "{DFCA8CF5-073E-4F97-865A-25FCA595C362}"
EndProject
Project("{FAE04EC0-301F-11D3-BF4B-00C04F79EFBC}") = "InventoryManagementSystem.Tests", "InventoryManagementSystem.Tests\InventoryManagementSystem.Tests.csproj", "{DEA38CED-5412-44DF-B31F-635D3C43D40F}"
EndProject
Global
	GlobalSection(SolutionConfigurationPlatforms) = preSolution
		Debug|Any CPU = Debug|Any CPU
		Debug|x64 = Debug|x64
		Debug|x86 = Debug|x86
		Release|Any CPU = Release|Any CPU
		Release|x64 = Release|x64
		Release|x86 = Release|x86
	EndGlobalSection
	GlobalSection(ProjectConfigurationPlatforms) = postSolution
		{AC9FD1C1-7A8F-406E-9BFE-323C02744B7A}.Debug|Any CPU.ActiveCfg = Debug|Any CPU
		{AC9FD1C1-7A8F-406E-9BFE-323C02744B7A}.Debug|Any CPU.Build.0 = Debug|Any CPU
		{AC9FD1C1-7A8F-406E-9BFE-323C02744B7A}.Debug|x64.ActiveCfg = Debug|Any CPU
		{AC9FD1C1-7A8F-406E-9BFE-323C02744B7A}.Debug|x64.Build.0 = Debug|Any CPU
		{AC9FD1C1-7A8F-406E-9BFE-323C02744B7A}.Debug|x86.ActiveCfg = Debug|Any CPU
		{AC9FD1C1-7A8F-406E-9BFE-323C02744B7A}.Debug|x86.Build.0 = Debug|Any CPU
		{AC9FD1C1-7A8F-406E-9BFE-323C02744B7A}.Release|Any CPU.ActiveCfg = Release|Any CPU
		{AC9FD1C1-7A8F-406E-9BFE-323C02744B7A}.Release|Any CPU.Build.0 = Release|Any CPU
		{AC9FD1C1-7A8F-406E-9BFE-323C02744B7A}.Release|x64.ActiveCfg = Release|Any CPU
		{AC9FD1C1-7A8F-406E-9BFE-323C02744B7A}.Release|x64.Build.0 = Release|Any CPU
		{AC9FD1C1-7A8F-406E-9BFE-323C02744B7A}.Release|x86.ActiveCfg = Release|Any CPU
		{AC9FD1C1-7A8F-406E-9BFE-323C02744B7A}.Release|x86.Build.0 = Release|Any CPU
		{BE894540-FEB1-4DB8-AF28-7A0F339B603F}.Debug|Any CPU.ActiveCfg = Debug|Any CPU
		{BE894540-FEB1-4DB8-AF28-7A0F339B603F}.Debug|Any CPU.Build.0 = Debug|Any CPU
		{BE894540-FEB1-4DB8-AF28-7A0F339B603F}.Debug|x64.ActiveCfg = Debug|Any CPU
		{BE894540-FEB1-4DB8-AF28-7A0F339B603F}.Debug|x64.Build.0 = Debug|Any CPU
		{BE894540-FEB1-4DB8-AF28-7A0F339B603F}.Debug|x86.ActiveCfg = Debug|Any CPU
		{BE894540-FEB1-4DB8-AF28-7A0F339B603F}.Debug|x86.Build.0 = Debug|Any CPU
		{BE894540-FEB1-4DB8-AF28-7A0F339B603F}.Release|Any CPU.ActiveCfg = Release|Any CPU
		{BE894540-FEB1-4DB8-AF28-7A0F339B603F}.Release|Any CPU.Build.0 = Release|Any CPU
		{BE894540-FEB1-4DB8-AF28-7A0F339B603F}.Release|x64.ActiveCfg = Release|Any CPU
		{BE894540-FEB1-4DB8-AF28-7A0F339B603F}.Release|x64.Build.0 = Release|Any CPU
		{BE894540-FEB1-4DB8-AF28-7A0F339B603F}.Release|x86.ActiveCfg = Release|Any CPU
		{BE894540-FEB1-4DB8-AF28-7A0F339B603F}.Release|x86.Build.0 = Release|Any CPU
		{DFCA8CF5-073E-4F97-865A-25FCA595C362}.Debug|Any CPU.ActiveCfg = Debug|Any CPU
		{DFCA8CF5-073E-4F97-865A-25FCA595C362}.Debug|Any CPU.Build.0 = Debug|Any CPU
		{DFCA8CF5-073E-4F97-865A-25FCA595C362}.Debug|x64.ActiveCfg = Debug|Any CPU
		{DFCA8CF5-073E-4F97-865A-25FCA595C362}.Debug|x64.Build.0 = Debug|Any CPU
		{DFCA8CF5-073E-4F97-865A-25FCA595C362}.Debug|x86.ActiveCfg = Debug|Any CPU
		{DFCA8CF5-073E-4F97-865A-25FCA595C362}.Debug|x86.Build.0 = Debug|Any CPU
		{DFCA8CF5-073E-4F97-865A-25FCA595C362}.Release|Any CPU.ActiveCfg = Release|Any CPU
		{DFCA8CF5-073E-4F97-865A-25FCA595C362}.Release|Any CPU.Build.0 = Release|Any CPU
		{DFCA8CF5-073E-4F97-865A-25FCA595C362}.Release|x64.ActiveCfg = Release|Any CPU
		{DFCA8CF5-073E-4F97-865A-25FCA595C362}.Release|x64.Build.0 = Release|Any CPU
		{DFCA8CF5-073E-4F97-865A-25FCA595C362}.Release|x86.ActiveCfg = Release|Any CPU
		{DFCA8CF5-073E-4F97-865A-25FCA595C362}.Release|x86.Build.0 = Release|Any CPU
		{DEA38CED-5412-44DF-B31F-635D3C43D40F}.Debug|Any CPU.ActiveCfg = Debug|Any CPU
		{DEA38CED-5412-44DF-B31F-635D3C43D40F}.Debug|Any CPU.Build.0 = Debug|Any CPU
		{DEA38CED-5412-44DF-B31F-635D3C43D40F}.Debug|x64.ActiveCfg = Debug|Any CPU
		{DEA38CED-5412-44DF-B31F-635D3C43D40F}.Debug|x64.Build.0 = Debug|Any CPU
		{DEA38CED-5412-44DF-B31F-635D3C43D40F}.Debug|x86.ActiveCfg = Debug|Any CPU
		{DEA38CED-5412-44DF-B31F-635D3C43D40F}.Debug|x86.Build.0 = Debug|Any CPU
		{DEA38CED-5412-44DF-B31F-635D3C43D40F}.Release|Any CPU.ActiveCfg = Release|Any CPU
		{DEA38CED-5412-44DF-B31F-635D3C43D40F}.Release|Any CPU.Build.0 = Release|Any CPU
		{DEA38CED-5412-44DF-B31F-635D3C43D40F}.Release|x64.ActiveCfg = Release|Any CPU
		{DEA38CED-5412-44DF-B31F-635D3C43D40F}.Release|x64.Build.0 = Release|Any CPU
		{DEA38CED-5412-44DF-B31F-635D3C43D40F}.Release|x86.ActiveCfg = Release|Any CPU
		{DEA38CED-5412-44DF-B31F-635D3C43D40F}.Release|x86.Build.0 = Release|Any CPU
	EndGlobalSection
	GlobalSection(SolutionProperties) = preSolution
		HideSolutionNode = FALSE
	EndGlobalSection
EndGlobal
